PODS:
  - Differ (1.2.3)
  - GRDB.swift (3.3.0)
  - ReactiveGRDB (0.12.0):
    - ReactiveGRDB/default (= 0.12.0)
    - RxSwift (~> 4.0)
  - ReactiveGRDB/default (0.12.0):
    - GRDB.swift (~> 3.3.0)
    - RxSwift (~> 4.0)
  - RxSwift (4.3.0)

DEPENDENCIES:
  - Differ (~> 1.0)
  - GRDB.swift (~> 3.3.0)
  - ReactiveGRDB (from `.`)
  - RxSwift (~> 4.0)

SPEC REPOS:
  https://github.com/cocoapods/specs.git:
    - Differ
    - GRDB.swift
    - RxSwift

EXTERNAL SOURCES:
  ReactiveGRDB:
    :path: "."

SPEC CHECKSUMS:
  Differ: 061f3298ea9408494c43b530c44583e555884daf
  GRDB.swift: 38e06d01606220169a91713c0e5a5046fab70bce
  ReactiveGRDB: b8dda977178cf329d9a095b5c594911d53083b9c
  RxSwift: a9717a34df3179fe63563f76e046ad345078dd3a

PODFILE CHECKSUM: 73eee918bc5a0745caa56fa84c0106baa496c1a1

COCOAPODS: 1.5.3
