PODS:
  - Differ (1.2.3)
  - GRDB.swift (3.3.0)
  - ReactiveGRDB (0.12.0):
    - ReactiveGRDB/default (= 0.12.0)
    - ReactiveKit
  - ReactiveGRDB/default (0.12.0):
    - GRDB.swift (~> 3.3.0)
    - ReactiveKit
  - ReactiveKit (3.9.7)

DEPENDENCIES:
  - Differ (~> 1.0)
  - GRDB.swift (~> 3.3.0)
  - ReactiveGRDB (from `.`)
  - ReactiveKit

SPEC REPOS:
  https://github.com/cocoapods/specs.git:
    - Differ
    - GRDB.swift
    - ReactiveKit

EXTERNAL SOURCES:
  ReactiveGRDB:
    :path: "."

SPEC CHECKSUMS:
  Differ: 061f3298ea9408494c43b530c44583e555884daf
  GRDB.swift: 38e06d01606220169a91713c0e5a5046fab70bce
  ReactiveGRDB: 197afa0d5ba0ba236af4f01b008371a4d38e9a66
  ReactiveKit: 5f4c440715d671901c382ae6b42ed3337ce4699b

PODFILE CHECKSUM: 3b14760700509329502bc3df2ea4f707065678b8

COCOAPODS: 1.5.3
